{
  "lockfileVersion": 1,
  "configVersion": 0,
  "workspaces": {
    "": {
      "dependencies": {
        "@types/bun": "^1.3.14",
        "oxfmt": "^0.61.0",
        "oxlint": "^1.76.0",
      },
    },
  },
  "packages": {
    "@oxfmt/binding-android-arm-eabi": ["@oxfmt/binding-android-arm-eabi@0.61.0", "", { "os": "android", "cpu": "arm" }, "sha512-BaS+1OVvg9sr+Xav0+KdWedQRcAzrdoEcwMZeqoc2F6ieC1s/t5eM35YQoRPQ7vAqkZ+p3tbQb1r9I9mrV5oGA=="],

    "@oxfmt/binding-android-arm64": ["@oxfmt/binding-android-arm64@0.61.0", "", { "os": "android", "cpu": "arm64" }, "sha512-of8atAV0M1egGcVOMbgZCvc10sFOP3ayQBNQV5h5G3fNq8gACdEswfFk9bzGrdbM23rtg0Coxi7np7oPLcueNw=="],

    "@oxfmt/binding-darwin-arm64": ["@oxfmt/binding-darwin-arm64@0.61.0", "", { "os": "darwin", "cpu": "arm64" }, "sha512-7l8+5ov4BGwtAcmpzvEik/TG3bciwyw/S3e6j5GKH7pcQqcgCVxD3AuJeP6upto+SOTBKQ4wrrdbMt0gq8fHSQ=="],

    "@oxfmt/binding-darwin-x64": ["@oxfmt/binding-darwin-x64@0.61.0", "", { "os": "darwin", "cpu": "x64" }, "sha512-Fnz4dDDXBb7udk+DmwelNjxbD6yptyxwCqwCH2ebo4RVLxVsRfFsn/AHJC49KIltPrVokamGv4SSOsiV50DTxQ=="],

    "@oxfmt/binding-freebsd-x64": ["@oxfmt/binding-freebsd-x64@0.61.0", "", { "os": "freebsd", "cpu": "x64" }, "sha512-mddOebKNCP+AucmzfNsk3jgbr681qAUvgMqi865GW5gWLJ/AnzXbvjQRrny0e++NAN8aphav/aRSrfFxNsNjpA=="],

    "@oxfmt/binding-linux-arm-gnueabihf": ["@oxfmt/binding-linux-arm-gnueabihf@0.61.0", "", { "os": "linux", "cpu": "arm" }, "sha512-svx59iYL+DbaZGZUIoice4W0CjRXGExnbz7Re+awIb60rVxBS2KrU7Hnlx+nZYanLGLpjneUEgo/VFEKkSZAyQ=="],

    "@oxfmt/binding-linux-arm-musleabihf": ["@oxfmt/binding-linux-arm-musleabihf@0.61.0", "", { "os": "linux", "cpu": "arm" }, "sha512-BYK9MPJPCf6d+fLKMTruThmEyCtHzQ1zLcsrTlUVkmnoXIaHAbfpeLYQwX1tkjs7W11dyzoi6HFvKcdnvX1zNg=="],

    "@oxfmt/binding-linux-arm64-gnu": ["@oxfmt/binding-linux-arm64-gnu@0.61.0", "", { "os": "linux", "cpu": "arm64" }, "sha512-QUaCNLq2/EC6G5ljOuFanl9Lgw6ZWp4co7rs4+KOMUzbGfA4Lq58FHRjjF9sVIG+93XSbo343MxFATrOU1qctA=="],

    "@oxfmt/binding-linux-arm64-musl": ["@oxfmt/binding-linux-arm64-musl@0.61.0", "", { "os": "linux", "cpu": "arm64" }, "sha512-S6uvJ6MXnRXl+zTs0CARNDvkE+cymj0EVWEKKsyKnlLlqTyQJBjw5s4D2pSIOZc+S46cy4STefzcr/sm0VzVPA=="],

    "@oxfmt/binding-linux-ppc64-gnu": ["@oxfmt/binding-linux-ppc64-gnu@0.61.0", "", { "os": "linux", "cpu": "ppc64" }, "sha512-6VDlRcytvZG6UlSIdAFKDLbppo9tvPxrWzle6vHldYFMeuDPQEfMKrkwezp7FaBq1wik9ra554ZZeRPsyIkFpg=="],

    "@oxfmt/binding-linux-riscv64-gnu": ["@oxfmt/binding-linux-riscv64-gnu@0.61.0", "", { "os": "linux", "cpu": "none" }, "sha512-KkBTYbzExpbmn15XjKPLu2fRV2PVlq+KWt+brad5rwIa03vdYoaDRWiS7raHII/dCTR6Ro4UpYUCH4t6lif4WQ=="],

    "@oxfmt/binding-linux-riscv64-musl": ["@oxfmt/binding-linux-riscv64-musl@0.61.0", "", { "os": "linux", "cpu": "none" }, "sha512-69tzIq7sJLVB9dxYYtvMzcSSsnZHSO+U2U19O2RqDqgj6+Q4O7HjSXdaszbcgqzhsUwzSH7z5kWvk8nmf6BHTg=="],

    "@oxfmt/binding-linux-s390x-gnu": ["@oxfmt/binding-linux-s390x-gnu@0.61.0", "", { "os": "linux", "cpu": "s390x" }, "sha512-Oqi/N0OvtOVXsPKAOOhKgGH3msRYF8BLJaNBbWiupRiKoKVyc8JRKPCfarkQJC+RgP9U8raUKLe+bNwd0HUMiA=="],

    "@oxfmt/binding-linux-x64-gnu": ["@oxfmt/binding-linux-x64-gnu@0.61.0", "", { "os": "linux", "cpu": "x64" }, "sha512-3TKwv/ed4uwJSemAA8P9XcoqETpjQI4waquF9UilhA9Mn/dhr1PdUEXWlL74mtc6ZNfmKPA9+NEJm01nRF8CVA=="],

    "@oxfmt/binding-linux-x64-musl": ["@oxfmt/binding-linux-x64-musl@0.61.0", "", { "os": "linux", "cpu": "x64" }, "sha512-uFso4u4nLkVSlMCpgjyvWV60Gt7GvDQHnk1mmRxHIkZTMB0ljpUKwCD9FYGgN9H97x2wYl0UwEjgRZaPIuhEhw=="],

    "@oxfmt/binding-openharmony-arm64": ["@oxfmt/binding-openharmony-arm64@0.61.0", "", { "os": "none", "cpu": "arm64" }, "sha512-keGLkzeOvkMpNmPp4hffXWpfoSsY6e1K8++KXD4mSSfxdvM8q9QUDsYY689TB1k6Co832DZn1MnaaVx6cIBMWQ=="],

    "@oxfmt/binding-win32-arm64-msvc": ["@oxfmt/binding-win32-arm64-msvc@0.61.0", "", { "os": "win32", "cpu": "arm64" }, "sha512-VzsAISkFxmNhJ5LBDEL9VuH6tJsVJMtqYit2LyIUf/HLnsCe4Pg9SMOjjVQzGWt0bnpyfJ94CrqTqcpNZzK+ug=="],

    "@oxfmt/binding-win32-ia32-msvc": ["@oxfmt/binding-win32-ia32-msvc@0.61.0", "", { "os": "win32", "cpu": "ia32" }, "sha512-xv4t7yzwJoYaLB6Zv28B3W+j7brEjsyv50rLTAQgmxJzddce9fAMCxed8dSAkbWES0zz2J29nYK5FaTuD2YBHg=="],

    "@oxfmt/binding-win32-x64-msvc": ["@oxfmt/binding-win32-x64-msvc@0.61.0", "", { "os": "win32", "cpu": "x64" }, "sha512-6EZXFkqOwxdDYjIn3TSNnPk3ST5E5GiYd4FiM6UF/mCL/LZSfr6D6UygTfW3R1PCQP2quCKpCEGRlij8E3VYbg=="],

    "@oxlint/binding-android-arm-eabi": ["@oxlint/binding-android-arm-eabi@1.76.0", "", { "os": "android", "cpu": "arm" }, "sha512-ZHIE5Zt9AsPDcY4nOlofXt0YfneEeo+QrKMPcPzLf2Z6Q8VtV2W73d7SFJ920WUwyik783u/doKCs3KXdwG+7w=="],

    "@oxlint/binding-android-arm64": ["@oxlint/binding-android-arm64@1.76.0", "", { "os": "android", "cpu": "arm64" }, "sha512-shm/ngQilHK6bs+ElJWa4oHfNj5vL1Gl/iVEJldTQjpr0/67oSgr0KUpbmcnLig5Fo0v/l6j2567A7TOL89ONA=="],

    "@oxlint/binding-darwin-arm64": ["@oxlint/binding-darwin-arm64@1.76.0", "", { "os": "darwin", "cpu": "arm64" }, "sha512-rvJmrAPKSQ9aWJ6wIS6CK2tJjwzfW0ApQH9qokq6sfDvmHwoyIHxHFMq7z7i7GiV6fdE6s8qvBqWKPTu8RmT6Q=="],

    "@oxlint/binding-darwin-x64": ["@oxlint/binding-darwin-x64@1.76.0", "", { "os": "darwin", "cpu": "x64" }, "sha512-U/zYdb7VYKGY6pA9Vd2rYl9O/HlCylcOlb5PGPvVLtg+oLGsk6H3XGKEMHKyqD3nmmtmlmwb/8SwU2vfSAtvMw=="],

    "@oxlint/binding-freebsd-x64": ["@oxlint/binding-freebsd-x64@1.76.0", "", { "os": "freebsd", "cpu": "x64" }, "sha512-WvKG9CAriuo0XNiFzpXjDngUZcRGFNpaK2kLyMUsnJlShxkT96u+BpJQ3KqdQwGOrvI14L6V8bAwXwAYNNY6Jg=="],

    "@oxlint/binding-linux-arm-gnueabihf": ["@oxlint/binding-linux-arm-gnueabihf@1.76.0", "", { "os": "linux", "cpu": "arm" }, "sha512-qJ5+RH99TqFRq3UCDxkW0zJJu9c+OAHFY72vGlxZLEpuO+MpKo3POgqb8sYipL9KYm8XY6ofb0HsOuvY6hQNqQ=="],

    "@oxlint/binding-linux-arm-musleabihf": ["@oxlint/binding-linux-arm-musleabihf@1.76.0", "", { "os": "linux", "cpu": "arm" }, "sha512-PvPCVptkgVARsucgIqFQQcSmJ6xc6GtnVB5bRBekRahTc9eObMtjHfMjy5M+C2tHt5UCMttWM9RuSk/H9NqYeg=="],

    "@oxlint/binding-linux-arm64-gnu": ["@oxlint/binding-linux-arm64-gnu@1.76.0", "", { "os": "linux", "cpu": "arm64" }, "sha512-3KeFDx8Bu4HPAXbuHZOr/oHvN+QT+JQhMw/NYPz7Z071xLSsG27Jfh9PIQVEY7hk1I+jr43ExqRIeJ6VKk2yLw=="],

    "@oxlint/binding-linux-arm64-musl": ["@oxlint/binding-linux-arm64-musl@1.76.0", "", { "os": "linux", "cpu": "arm64" }, "sha512-oPFkkKTgl0K/EIg9fQ8oA3IGcI05/Mq1en04iFa41mmNPT+6KEiByVazTOZZJiHMBBrbsns1YJ2e1Scqwzesjw=="],

    "@oxlint/binding-linux-ppc64-gnu": ["@oxlint/binding-linux-ppc64-gnu@1.76.0", "", { "os": "linux", "cpu": "ppc64" }, "sha512-gN7yZ0eqflA5Fhf1wvHxGUltIV3FsvmB1zhNMDEK9vSHhc7E6qg9CuPeBgPZab66Tjzq6w6kHAtNEvnTHf4cyw=="],

    "@oxlint/binding-linux-riscv64-gnu": ["@oxlint/binding-linux-riscv64-gnu@1.76.0", "", { "os": "linux", "cpu": "none" }, "sha512-S/HqMbn22mQrjtErUxEoS/a55u8kIeXvreIxiJu5G7Le3UecEd6SQZxrDIpuhtgaFnsY/nVra3ytP+pRljDilA=="],

    "@oxlint/binding-linux-riscv64-musl": ["@oxlint/binding-linux-riscv64-musl@1.76.0", "", { "os": "linux", "cpu": "none" }, "sha512-ZIga3097VJZolGZk6SrIAUokIGfRkxRlhiHDUznZptGBfwrhD7pNfD1rzEzsCwvk/1DX0A1bLz+liuNh5QKIVQ=="],

    "@oxlint/binding-linux-s390x-gnu": ["@oxlint/binding-linux-s390x-gnu@1.76.0", "", { "os": "linux", "cpu": "s390x" }, "sha512-ZGiiA7pFzMJSyMWYZTVlPgbTsx+Vl8ihLGMIujPwaslUF7kIPPWAbVmAlTc+9lWDV+DCiB8Ikixu+lSHeOIIWQ=="],

    "@oxlint/binding-linux-x64-gnu": ["@oxlint/binding-linux-x64-gnu@1.76.0", "", { "os": "linux", "cpu": "x64" }, "sha512-JLiy5WuvEBFTT6ErIFV35SLzi0R7Iri6MKU6dZbTxfIx8pndbbPs3Mj780nMipBFcPkti+okAPOJ9POKkHFEgg=="],

    "@oxlint/binding-linux-x64-musl": ["@oxlint/binding-linux-x64-musl@1.76.0", "", { "os": "linux", "cpu": "x64" }, "sha512-z7lgKQtbo/I1NIe8G5NHLesxJDv0tRSUWTpXKb9Pm3E9nKFKfO4IOSDtFroKgXtOYb0jQbcdH+0wzTyMXVes+A=="],

    "@oxlint/binding-openharmony-arm64": ["@oxlint/binding-openharmony-arm64@1.76.0", "", { "os": "none", "cpu": "arm64" }, "sha512-JOjKymIpb9QcYfEhZsN6h4V9Ivd474W38cNIBRv6bg2TbIvogbMTH0Mg6YWW9TiRDqfcX+/Hyfsbo5vcSE5guQ=="],

    "@oxlint/binding-win32-arm64-msvc": ["@oxlint/binding-win32-arm64-msvc@1.76.0", "", { "os": "win32", "cpu": "arm64" }, "sha512-pqDWZiwcmByWUEm1NFUBNiT6aentCcaoMWJv0HbXEmuYermJ4sg8ppVrshubYP2MZ6SHccJJcpr6x469PuDFIw=="],

    "@oxlint/binding-win32-ia32-msvc": ["@oxlint/binding-win32-ia32-msvc@1.76.0", "", { "os": "win32", "cpu": "ia32" }, "sha512-Ba0O659kgMv6pwO3z9PdO+K3aMxQRaw9HnG+e6AtOfgwcKFvYilciQYBoUBmxfQvOCKZe1SwjMkuB542NkuDMQ=="],

    "@oxlint/binding-win32-x64-msvc": ["@oxlint/binding-win32-x64-msvc@1.76.0", "", { "os": "win32", "cpu": "x64" }, "sha512-5qcirPHO8nKfkoowEVWtpAoVTcYDy6g0UT0NGic450Qv8J2NrOqg4uQ8QppRP4MDTC7Xx47lbZnmadTH03CGGA=="],

    "@types/bun": ["@types/bun@1.3.14", "", { "dependencies": { "bun-types": "1.3.14" } }, "sha512-h1hFqFVcvAvD9j9K7ZW7vd82aSA+rTdznZa+5bwvCwqSB1jmmfLcbIWhOLx1/+boy/xmjgCs/OMUL8hRJSmnPw=="],

    "@types/node": ["@types/node@22.12.0", "", { "dependencies": { "undici-types": "~6.20.0" } }, "sha512-Fll2FZ1riMjNmlmJOdAyY5pUbkftXslB5DgEzlIuNaiWhXd00FhWxVC/r4yV/4wBb9JfImTu+jiSvXTkJ7F/gA=="],

    "bun-types": ["bun-types@1.3.14", "", { "dependencies": { "@types/node": "*" } }, "sha512-4N0ig0fEomHt5R0KCFWjovxow98rIoRwKolrYdCcknNwMekCXRnWEUvgu5soYV8QXtVsrUD8B95MBOZGPvr6KQ=="],

    "oxfmt": ["oxfmt@0.61.0", "", { "dependencies": { "tinypool": "2.1.0" }, "optionalDependencies": { "@oxfmt/binding-android-arm-eabi": "0.61.0", "@oxfmt/binding-android-arm64": "0.61.0", "@oxfmt/binding-darwin-arm64": "0.61.0", "@oxfmt/binding-darwin-x64": "0.61.0", "@oxfmt/binding-freebsd-x64": "0.61.0", "@oxfmt/binding-linux-arm-gnueabihf": "0.61.0", "@oxfmt/binding-linux-arm-musleabihf": "0.61.0", "@oxfmt/binding-linux-arm64-gnu": "0.61.0", "@oxfmt/binding-linux-arm64-musl": "0.61.0", "@oxfmt/binding-linux-ppc64-gnu": "0.61.0", "@oxfmt/binding-linux-riscv64-gnu": "0.61.0", "@oxfmt/binding-linux-riscv64-musl": "0.61.0", "@oxfmt/binding-linux-s390x-gnu": "0.61.0", "@oxfmt/binding-linux-x64-gnu": "0.61.0", "@oxfmt/binding-linux-x64-musl": "0.61.0", "@oxfmt/binding-openharmony-arm64": "0.61.0", "@oxfmt/binding-win32-arm64-msvc": "0.61.0", "@oxfmt/binding-win32-ia32-msvc": "0.61.0", "@oxfmt/binding-win32-x64-msvc": "0.61.0" }, "peerDependencies": { "svelte": "^5.0.0", "vite-plus": "*" }, "optionalPeers": ["svelte", "vite-plus"], "bin": { "oxfmt": "bin/oxfmt" } }, "sha512-DxdHBEMYpcEnHoUHjjOigUqV2TYKsvxLwUPXnVYBjgFdqrcQ/91OtwubtZ2PUodCs3sStI8R5Qw3fKNGK4e8wQ=="],

    "oxlint": ["oxlint@1.76.0", "", { "optionalDependencies": { "@oxlint/binding-android-arm-eabi": "1.76.0", "@oxlint/binding-android-arm64": "1.76.0", "@oxlint/binding-darwin-arm64": "1.76.0", "@oxlint/binding-darwin-x64": "1.76.0", "@oxlint/binding-freebsd-x64": "1.76.0", "@oxlint/binding-linux-arm-gnueabihf": "1.76.0", "@oxlint/binding-linux-arm-musleabihf": "1.76.0", "@oxlint/binding-linux-arm64-gnu": "1.76.0", "@oxlint/binding-linux-arm64-musl": "1.76.0", "@oxlint/binding-linux-ppc64-gnu": "1.76.0", "@oxlint/binding-linux-riscv64-gnu": "1.76.0", "@oxlint/binding-linux-riscv64-musl": "1.76.0", "@oxlint/binding-linux-s390x-gnu": "1.76.0", "@oxlint/binding-linux-x64-gnu": "1.76.0", "@oxlint/binding-linux-x64-musl": "1.76.0", "@oxlint/binding-openharmony-arm64": "1.76.0", "@oxlint/binding-win32-arm64-msvc": "1.76.0", "@oxlint/binding-win32-ia32-msvc": "1.76.0", "@oxlint/binding-win32-x64-msvc": "1.76.0" }, "peerDependencies": { "oxlint-tsgolint": ">=7.0.2001", "vite-plus": "*" }, "optionalPeers": ["oxlint-tsgolint", "vite-plus"], "bin": { "oxlint": "bin/oxlint" } }, "sha512-6QoFioEU4fNdiUx/2Eo6TRd6NG7H7njnRCz8rhB66cZmMHDTqcm1Rjvl8Wry+ZTQMBAmyb4Mlf62Mk5X+eHSOw=="],

    "tinypool": ["tinypool@2.1.0", "", {}, "sha512-Pugqs6M0m7Lv1I7FtxN4aoyToKg1C4tu+/381vH35y8oENM/Ai7f7C4StcoK4/+BSw9ebcS8jRiVrORFKCALLw=="],

    "undici-types": ["undici-types@6.20.0", "", {}, "sha512-Ny6QZ2Nju20vw1SRHe3d9jVu6gJ+4e3+MMpqu7pqE5HT6WsTSlce++GQmK5UXS8mzV8DSYHrQH+Xrf2jVcuKNg=="],
  }
}
