# This file is automatically @generated by Cargo.
# It is not intended for manual editing.
version = 4

[[package]]
name = "allocator-api2"
version = "0.2.21"
source = "registry+https://github.com/rust-lang/crates.io-index"
checksum = "683d7910e743518b0e34f1186f92494becacb047c7b6bf616c96772180fef923"

[[package]]
name = "hashbrown"
version = "0.16.1"
source = "registry+https://github.com/rust-lang/crates.io-index"
checksum = "841d1cc9bed7f9236f321df977030373f4a4163ae1a7dbfe1a51a2c1a51d9100"
dependencies = [
 "allocator-api2",
]

[[package]]
name = "hello-oxc"
version = "0.1.0"
dependencies = [
 "oxc_allocator",
]

[[package]]
name = "oxc_allocator"
version = "0.111.0"
source = "git+https://github.com/oxc-project/oxc#7a52f2f652accf3b5fc420e1489d2cc41d00a3d1"
dependencies = [
 "allocator-api2",
 "hashbrown",
 "oxc_data_structures",
 "rustc-hash",
]

[[package]]
name = "oxc_data_structures"
version = "0.111.0"
source = "git+https://github.com/oxc-project/oxc#7a52f2f652accf3b5fc420e1489d2cc41d00a3d1"

[[package]]
name = "rustc-hash"
version = "2.1.1"
source = "registry+https://github.com/rust-lang/crates.io-index"
checksum = "357703d41365b4b27c590e3ed91eabb1b663f07c4c084095e60cbed4362dff0d"
