# This file is automatically @generated by Cargo.
# It is not intended for manual editing.
version = 4

[[package]]
name = "app"
version = "0.0.0"
dependencies = [
 "consumer",
]

[[package]]
name = "consumer"
version = "0.0.0"
dependencies = [
 "lib-sys",
]

[[package]]
name = "lib-sys"
version = "0.0.0"
