# This file is automatically @generated by Cargo.
# It is not intended for manual editing.
version = 4

[[package]]
name = "cli"
version = "0.0.0"
dependencies = [
 "outer",
]

[[package]]
name = "inner"
version = "0.0.0"

[[package]]
name = "itoa"
version = "1.0.17"
source = "registry+https://github.com/rust-lang/crates.io-index"
checksum = "92ecc6618181def0457392ccd0ee51198e065e016d1d527a7ac1b6dc7c1f09d2"

[[package]]
name = "outer"
version = "0.0.0"
dependencies = [
 "inner",
 "itoa",
]
